<?xml version="1.0" encoding="utf-8"?>
<Project ToolsVersion="4.0" xmlns="http://schemas.microsoft.com/developer/msbuild/2003">
  <ItemGroup>
    <Filter Include="Source Files">
      <UniqueIdentifier>{4FC737F1-C7A5-4376-A066-2A32D752A2FF}</UniqueIdentifier>
      <Extensions>cpp;c;cc;cxx;c++;def;odl;idl;hpj;bat;asm;asmx</Extensions>
    </Filter>
    <Filter Include="Header Files">
      <UniqueIdentifier>{93995380-89BD-4b04-88EB-625FBE52EBFB}</UniqueIdentifier>
      <Extensions>h;hh;hpp;hxx;h++;hm;inl;inc;ipp;xsd</Extensions>
    </Filter>
    <Filter Include="Resource Files">
      <UniqueIdentifier>{67DA6AB6-F800-4c08-8B7A-83BB121AAD01}</UniqueIdentifier>
      <Extensions>rc;ico;cur;bmp;dlg;rc2;rct;bin;rgs;gif;jpg;jpeg;jpe;resx;tiff;tif;png;wav;mfcribbon-ms</Extensions>
    </Filter>
  </ItemGroup>
  <ItemGroup>
    <ClCompile Include="Laborator10.cpp">
      <Filter>Source Files</Filter>
    </ClCompile>
    <ClCompile Include="Medicament.cpp">
      <Filter>Source Files</Filter>
    </ClCompile>
    <ClCompile Include="Angajat.cpp">
      <Filter>Source Files</Filter>
    </ClCompile>
    <ClCompile Include="Test.cpp">
      <Filter>Source Files</Filter>
    </ClCompile>
    <ClCompile Include="Utilizator.cpp">
      <Filter>Source Files</Filter>
    </ClCompile>
    <ClCompile Include="Service.cpp">
      <Filter>Source Files</Filter>
    </ClCompile>
    <ClCompile Include="ValidatorAng.cpp">
      <Filter>Source Files</Filter>
    </ClCompile>
    <ClCompile Include="ValidatorMed.cpp">
      <Filter>Source Files</Filter>
    </ClCompile>
    <ClCompile Include="MedicineService.cpp">
      <Filter>Source Files</Filter>
    </ClCompile>
  </ItemGroup>
  <ItemGroup>
    <ClInclude Include="Medicament.h">
      <Filter>Header Files</Filter>
    </ClInclude>
    <ClInclude Include="Angajat.h">
      <Filter>Header Files</Filter>
    </ClInclude>
    <ClInclude Include="IRepo.h">
      <Filter>Header Files</Filter>
    </ClInclude>
    <ClInclude Include="RepoTXT.h">
      <Filter>Header Files</Filter>
    </ClInclude>
    <ClInclude Include="RepoCSV.h">
      <Filter>Header Files</Filter>
    </ClInclude>
    <ClInclude Include="RepoFile.h">
      <Filter>Header Files</Filter>
    </ClInclude>
    <ClInclude Include="Test.h">
      <Filter>Header Files</Filter>
    </ClInclude>
    <ClInclude Include="Utilizator.h">
      <Filter>Header Files</Filter>
    </ClInclude>
    <ClInclude Include="Service.h">
      <Filter>Header Files</Filter>
    </ClInclude>
    <ClInclude Include="Validation.h">
      <Filter>Header Files</Filter>
    </ClInclude>
    <ClInclude Include="ValidatorMed.h">
      <Filter>Header Files</Filter>
    </ClInclude>
    <ClInclude Include="ValidatorAng.h">
      <Filter>Header Files</Filter>
    </ClInclude>
    <ClInclude Include="MedicineService.h">
      <Filter>Header Files</Filter>
    </ClInclude>
  </ItemGroup>
  <ItemGroup>
    <Text Include="Medicamente.txt">
      <Filter>Resource Files</Filter>
    </Text>
    <Text Include="Angajati.txt">
      <Filter>Resource Files</Filter>
    </Text>
  </ItemGroup>
  <ItemGroup>
    <None Include="Angajati.csv">
      <Filter>Resource Files</Filter>
    </None>
    <None Include="Medicamente.csv">
      <Filter>Resource Files</Filter>
    </None>
  </ItemGroup>
</Project>